
Microsoft Visual Studio Solution File, Format Version 12.00
# Visual Studio Version 16
VisualStudioVersion = 16.0.31729.503
MinimumVisualStudioVersion = 10.0.40219.1
Project("{FAE04EC0-301F-11D3-BF4B-00C04F79EFBC}") = "BidOneCodeTest", "BidOneCodeTest\BidOneCodeTest.csproj", "{B4CA99D0-904E-42AB-9540-3BD06CE60AB7}"
EndProject
Global
	GlobalSection(SolutionConfigurationPlatforms) = preSolution
		Debug|Any CPU = Debug|Any CPU
		Release|Any CPU = Release|Any CPU
	EndGlobalSection
	GlobalSection(ProjectConfigurationPlatforms) = postSolution
		{B4CA99D0-904E-42AB-9540-3BD06CE60AB7}.Debug|Any CPU.ActiveCfg = Debug|Any CPU
		{B4CA99D0-904E-42AB-9540-3BD06CE60AB7}.Debug|Any CPU.Build.0 = Debug|Any CPU
		{B4CA99D0-904E-42AB-9540-3BD06CE60AB7}.Release|Any CPU.ActiveCfg = Release|Any CPU
		{B4CA99D0-904E-42AB-9540-3BD06CE60AB7}.Release|Any CPU.Build.0 = Release|Any CPU
	EndGlobalSection
	GlobalSection(SolutionProperties) = preSolution
		HideSolutionNode = FALSE
	EndGlobalSection
	GlobalSection(ExtensibilityGlobals) = postSolution
		SolutionGuid = {265FAA26-DED7-44B5-9EE4-F3CF360D1F1E}
	EndGlobalSection
EndGlobal
